
Microsoft Visual Studio Solution File, Format Version 12.00
# Visual Studio Version 17
VisualStudioVersion = 17.0.31912.275
MinimumVisualStudioVersion = 10.0.40219.1
Project("{9A19103F-16F7-4668-BE54-9A1E7A4F7556}") = "KWFBlazorWasm", "KWFBlazorWasm\KWFBlazorWasm.csproj", "{48FBCA67-04CF-4573-9229-A260C3926C30}"
EndProject
Project("{9A19103F-16F7-4668-BE54-9A1E7A4F7556}") = "KWFBlazorSample", "KWFBlazorSample\KWFBlazorSample.csproj", "{AB6C4EA0-ACEE-43D2-AB2E-29916360D6D8}"
	ProjectSection(ProjectDependencies) = postProject
		{48FBCA67-04CF-4573-9229-A260C3926C30} = {48FBCA67-04CF-4573-9229-A260C3926C30}
	EndProjectSection
EndProject
Global
	GlobalSection(SolutionConfigurationPlatforms) = preSolution
		Debug|Any CPU = Debug|Any CPU
		Release|Any CPU = Release|Any CPU
	EndGlobalSection
	GlobalSection(ProjectConfigurationPlatforms) = postSolution
		{48FBCA67-04CF-4573-9229-A260C3926C30}.Debug|Any CPU.ActiveCfg = Debug|Any CPU
		{48FBCA67-04CF-4573-9229-A260C3926C30}.Debug|Any CPU.Build.0 = Debug|Any CPU
		{48FBCA67-04CF-4573-9229-A260C3926C30}.Release|Any CPU.ActiveCfg = Release|Any CPU
		{48FBCA67-04CF-4573-9229-A260C3926C30}.Release|Any CPU.Build.0 = Release|Any CPU
		{AB6C4EA0-ACEE-43D2-AB2E-29916360D6D8}.Debug|Any CPU.ActiveCfg = Debug|Any CPU
		{AB6C4EA0-ACEE-43D2-AB2E-29916360D6D8}.Debug|Any CPU.Build.0 = Debug|Any CPU
		{AB6C4EA0-ACEE-43D2-AB2E-29916360D6D8}.Release|Any CPU.ActiveCfg = Release|Any CPU
		{AB6C4EA0-ACEE-43D2-AB2E-29916360D6D8}.Release|Any CPU.Build.0 = Release|Any CPU
	EndGlobalSection
	GlobalSection(SolutionProperties) = preSolution
		HideSolutionNode = FALSE
	EndGlobalSection
	GlobalSection(ExtensibilityGlobals) = postSolution
		SolutionGuid = {7734D2F1-E20D-47B1-ADA0-0A76A1BA9584}
	EndGlobalSection
EndGlobal
